
Microsoft Visual Studio Solution File, Format Version 12.00
# Visual Studio Version 17
VisualStudioVersion = 17.8.34330.188
MinimumVisualStudioVersion = 10.0.40219.1
Project("{9A19103F-16F7-4668-BE54-9A1E7A4F7556}") = "T2Junior", "T2Junior.csproj", "{6FCAED3D-B587-4551-861E-E09837DF5498}"
EndProject
Global
	GlobalSection(SolutionConfigurationPlatforms) = preSolution
		Debug|Any CPU = Debug|Any CPU
		Release|Any CPU = Release|Any CPU
	EndGlobalSection
	GlobalSection(ProjectConfigurationPlatforms) = postSolution
		{6FCAED3D-B587-4551-861E-E09837DF5498}.Debug|Any CPU.ActiveCfg = Debug|Any CPU
		{6FCAED3D-B587-4551-861E-E09837DF5498}.Debug|Any CPU.Build.0 = Debug|Any CPU
		{6FCAED3D-B587-4551-861E-E09837DF5498}.Debug|Any CPU.Deploy.0 = Debug|Any CPU
		{6FCAED3D-B587-4551-861E-E09837DF5498}.Release|Any CPU.ActiveCfg = Release|Any CPU
		{6FCAED3D-B587-4551-861E-E09837DF5498}.Release|Any CPU.Build.0 = Release|Any CPU
		{6FCAED3D-B587-4551-861E-E09837DF5498}.Release|Any CPU.Deploy.0 = Release|Any CPU
	EndGlobalSection
	GlobalSection(SolutionProperties) = preSolution
		HideSolutionNode = FALSE
	EndGlobalSection
	GlobalSection(ExtensibilityGlobals) = postSolution
		SolutionGuid = {B85B6C69-A09D-46D3-B746-26C6801F0228}
	EndGlobalSection
EndGlobal
